
Microsoft Visual Studio Solution File, Format Version 12.00
# Visual Studio Version 17
VisualStudioVersion = 17.2.32526.322
MinimumVisualStudioVersion = 10.0.40219.1
Project("{9A19103F-16F7-4668-BE54-9A1E7A4F7556}") = "easyvlans", "easyvlans\easyvlans.csproj", "{348CC430-D00C-46ED-8546-9E1B9FC58528}"
EndProject
Project("{9A19103F-16F7-4668-BE54-9A1E7A4F7556}") = "easyvlans-swopm-snmp", "easyvlans-swopm-snmp\easyvlans-swopm-snmp.csproj", "{A9B1ACB9-7489-46FC-86D5-52BAFED48CAA}"
EndProject
Project("{9A19103F-16F7-4668-BE54-9A1E7A4F7556}") = "easyvlans-core", "easyvlans-core\easyvlans-core.csproj", "{CC989B12-3CC7-4A83-8D33-CE19BF269189}"
EndProject
Project("{9A19103F-16F7-4668-BE54-9A1E7A4F7556}") = "easyvlans-swopm-snmp-dlinkdgs1210", "easyvlans-swopm-snmp-dlinkdgs1210\easyvlans-swopm-snmp-dlinkdgs1210.csproj", "{094AEA01-9B14-4963-8B7A-81C394479DF5}"
EndProject
Project("{9A19103F-16F7-4668-BE54-9A1E7A4F7556}") = "easyvlans-swopm-snmp-qbridgemib", "easyvlans-swopm-snmp-qbridgemib\easyvlans-swopm-snmp-qbridgemib.csproj", "{87BA1113-4B96-4307-983A-1F1C506AC4EF}"
EndProject
Project("{9A19103F-16F7-4668-BE54-9A1E7A4F7556}") = "easyvlans-swopm-snmp-ciscoconfigcopy", "easyvlans-swopm-snmp-ciscoconfigcopy\easyvlans-swopm-snmp-ciscoconfigcopy.csproj", "{B4DEF83C-3FB9-490D-B615-467140C2EFF7}"
EndProject
Project("{9A19103F-16F7-4668-BE54-9A1E7A4F7556}") = "easyvlans-swopm-snmp-oldciscosys", "easyvlans-swopm-snmp-oldciscosys\easyvlans-swopm-snmp-oldciscosys.csproj", "{304B76A2-63E2-4D43-A423-9752A303C5DB}"
EndProject
Project("{FAE04EC0-301F-11D3-BF4B-00C04F79EFBC}") = "b-xmldeserializer", "b-xmldeserializer\b-xmldeserializer.csproj", "{75F555F1-25B4-41EA-A00F-7C44C80379CF}"
EndProject
Global
	GlobalSection(SolutionConfigurationPlatforms) = preSolution
		Debug|Any CPU = Debug|Any CPU
		Release|Any CPU = Release|Any CPU
	EndGlobalSection
	GlobalSection(ProjectConfigurationPlatforms) = postSolution
		{348CC430-D00C-46ED-8546-9E1B9FC58528}.Debug|Any CPU.ActiveCfg = Debug|Any CPU
		{348CC430-D00C-46ED-8546-9E1B9FC58528}.Debug|Any CPU.Build.0 = Debug|Any CPU
		{348CC430-D00C-46ED-8546-9E1B9FC58528}.Release|Any CPU.ActiveCfg = Release|Any CPU
		{348CC430-D00C-46ED-8546-9E1B9FC58528}.Release|Any CPU.Build.0 = Release|Any CPU
		{A9B1ACB9-7489-46FC-86D5-52BAFED48CAA}.Debug|Any CPU.ActiveCfg = Debug|Any CPU
		{A9B1ACB9-7489-46FC-86D5-52BAFED48CAA}.Debug|Any CPU.Build.0 = Debug|Any CPU
		{A9B1ACB9-7489-46FC-86D5-52BAFED48CAA}.Release|Any CPU.ActiveCfg = Release|Any CPU
		{A9B1ACB9-7489-46FC-86D5-52BAFED48CAA}.Release|Any CPU.Build.0 = Release|Any CPU
		{CC989B12-3CC7-4A83-8D33-CE19BF269189}.Debug|Any CPU.ActiveCfg = Debug|Any CPU
		{CC989B12-3CC7-4A83-8D33-CE19BF269189}.Debug|Any CPU.Build.0 = Debug|Any CPU
		{CC989B12-3CC7-4A83-8D33-CE19BF269189}.Release|Any CPU.ActiveCfg = Release|Any CPU
		{CC989B12-3CC7-4A83-8D33-CE19BF269189}.Release|Any CPU.Build.0 = Release|Any CPU
		{094AEA01-9B14-4963-8B7A-81C394479DF5}.Debug|Any CPU.ActiveCfg = Debug|Any CPU
		{094AEA01-9B14-4963-8B7A-81C394479DF5}.Debug|Any CPU.Build.0 = Debug|Any CPU
		{094AEA01-9B14-4963-8B7A-81C394479DF5}.Release|Any CPU.ActiveCfg = Release|Any CPU
		{094AEA01-9B14-4963-8B7A-81C394479DF5}.Release|Any CPU.Build.0 = Release|Any CPU
		{87BA1113-4B96-4307-983A-1F1C506AC4EF}.Debug|Any CPU.ActiveCfg = Debug|Any CPU
		{87BA1113-4B96-4307-983A-1F1C506AC4EF}.Debug|Any CPU.Build.0 = Debug|Any CPU
		{87BA1113-4B96-4307-983A-1F1C506AC4EF}.Release|Any CPU.ActiveCfg = Release|Any CPU
		{87BA1113-4B96-4307-983A-1F1C506AC4EF}.Release|Any CPU.Build.0 = Release|Any CPU
		{B4DEF83C-3FB9-490D-B615-467140C2EFF7}.Debug|Any CPU.ActiveCfg = Debug|Any CPU
		{B4DEF83C-3FB9-490D-B615-467140C2EFF7}.Debug|Any CPU.Build.0 = Debug|Any CPU
		{B4DEF83C-3FB9-490D-B615-467140C2EFF7}.Release|Any CPU.ActiveCfg = Release|Any CPU
		{B4DEF83C-3FB9-490D-B615-467140C2EFF7}.Release|Any CPU.Build.0 = Release|Any CPU
		{304B76A2-63E2-4D43-A423-9752A303C5DB}.Debug|Any CPU.ActiveCfg = Debug|Any CPU
		{304B76A2-63E2-4D43-A423-9752A303C5DB}.Debug|Any CPU.Build.0 = Debug|Any CPU
		{304B76A2-63E2-4D43-A423-9752A303C5DB}.Release|Any CPU.ActiveCfg = Release|Any CPU
		{304B76A2-63E2-4D43-A423-9752A303C5DB}.Release|Any CPU.Build.0 = Release|Any CPU
		{75F555F1-25B4-41EA-A00F-7C44C80379CF}.Debug|Any CPU.ActiveCfg = Debug|Any CPU
		{75F555F1-25B4-41EA-A00F-7C44C80379CF}.Debug|Any CPU.Build.0 = Debug|Any CPU
		{75F555F1-25B4-41EA-A00F-7C44C80379CF}.Release|Any CPU.ActiveCfg = Release|Any CPU
		{75F555F1-25B4-41EA-A00F-7C44C80379CF}.Release|Any CPU.Build.0 = Release|Any CPU
	EndGlobalSection
	GlobalSection(SolutionProperties) = preSolution
		HideSolutionNode = FALSE
	EndGlobalSection
	GlobalSection(ExtensibilityGlobals) = postSolution
		SolutionGuid = {E2FEE93E-BBB5-4F51-80A1-CE748777FFE5}
	EndGlobalSection
EndGlobal
