
Microsoft Visual Studio Solution File, Format Version 12.00
# Visual Studio Version 17
VisualStudioVersion = 17.2.32526.322
MinimumVisualStudioVersion = 10.0.40219.1
Project("{9A19103F-16F7-4668-BE54-9A1E7A4F7556}") = "easyvlans", "easyvlans\easyvlans.csproj", "{348CC430-D00C-46ED-8546-9E1B9FC58528}"
EndProject
Project("{9A19103F-16F7-4668-BE54-9A1E7A4F7556}") = "easyvlans-swopm-snmp", "easyvlans-swopm-snmp\easyvlans-swopm-snmp.csproj", "{A9B1ACB9-7489-46FC-86D5-52BAFED48CAA}"
EndProject
Project("{9A19103F-16F7-4668-BE54-9A1E7A4F7556}") = "easyvlans-core", "easyvlans-core\easyvlans-core.csproj", "{CC989B12-3CC7-4A83-8D33-CE19BF269189}"
EndProject
Project("{9A19103F-16F7-4668-BE54-9A1E7A4F7556}") = "easyvlans-swopm-snmp-dlinkdgs1210", "easyvlans-swopm-snmp-dlinkdgs1210\easyvlans-swopm-snmp-dlinkdgs1210.csproj", "{094AEA01-9B14-4963-8B7A-81C394479DF5}"
EndProject
Project("{9A19103F-16F7-4668-BE54-9A1E7A4F7556}") = "easyvlans-swopm-snmp-qbridge", "easyvlans-swopm-snmp-qbridge\easyvlans-swopm-snmp-qbridge.csproj", "{87BA1113-4B96-4307-983A-1F1C506AC4EF}"
EndProject
Project("{9A19103F-16F7-4668-BE54-9A1E7A4F7556}") = "easyvlans-swopm-snmp-ciscoconfigcopy", "easyvlans-swopm-snmp-ciscoconfigcopy\easyvlans-swopm-snmp-ciscoconfigcopy.csproj", "{B4DEF83C-3FB9-490D-B615-467140C2EFF7}"
EndProject
Project("{9A19103F-16F7-4668-BE54-9A1E7A4F7556}") = "easyvlans-swopm-snmp-oldciscosys", "easyvlans-swopm-snmp-oldciscosys\easyvlans-swopm-snmp-oldciscosys.csproj", "{304B76A2-63E2-4D43-A423-9752A303C5DB}"
EndProject
Project("{9A19103F-16F7-4668-BE54-9A1E7A4F7556}") = "btoolbox-xmldeserializer", "btoolbox-xmldeserializer\btoolbox-xmldeserializer.csproj", "{75F555F1-25B4-41EA-A00F-7C44C80379CF}"
EndProject
Project("{9A19103F-16F7-4668-BE54-9A1E7A4F7556}") = "easyvlans-remote-snmp", "easyvlans-remote-snmp\easyvlans-remote-snmp.csproj", "{CEB973C4-EE5D-4904-AEAB-264B6AA2473B}"
EndProject
Project("{9A19103F-16F7-4668-BE54-9A1E7A4F7556}") = "easyvlans-swopm-snmp-hpbasicconfig", "easyvlans-swopm-snmp-hpbasicconfig\easyvlans-swopm-snmp-hpbasicconfig.csproj", "{1F0A83FA-A7D8-409D-B104-F266E1A65EBF}"
EndProject
Project("{9A19103F-16F7-4668-BE54-9A1E7A4F7556}") = "easyvlans-swopm-snmp-ciscosbcopy", "easyvlans-swopm-snmp-ciscosbcopy\easyvlans-swopm-snmp-ciscosbcopy.csproj", "{5AF7C2C2-6FD6-4A31-AA06-7F737F27F03D}"
EndProject
Project("{9A19103F-16F7-4668-BE54-9A1E7A4F7556}") = "easyvlans-swopm-snmp-tplink", "easyvlans-swopm-snmp-tplink\easyvlans-swopm-snmp-tplink.csproj", "{CD3D1962-9B12-46F2-93F4-5CF02E7108A8}"
EndProject
Project("{9A19103F-16F7-4668-BE54-9A1E7A4F7556}") = "btoolbox-snmp", "btoolbox-snmp\btoolbox-snmp.csproj", "{0BFD3119-4F99-4589-BC52-9295AB96008F}"
EndProject
Project("{9A19103F-16F7-4668-BE54-9A1E7A4F7556}") = "btoolbox-model-general", "btoolbox-model-general\btoolbox-model-general.csproj", "{53FFD735-8D1A-4510-98D2-FA323AE56CDC}"
EndProject
Project("{9A19103F-16F7-4668-BE54-9A1E7A4F7556}") = "easyvlans-swopm-snmp-if", "easyvlans-swopm-snmp-if\easyvlans-swopm-snmp-if.csproj", "{FA73221F-EDF0-423B-B147-257D8E87BACB}"
EndProject
Project("{9A19103F-16F7-4668-BE54-9A1E7A4F7556}") = "btoolbox-gui-general", "btoolbox-gui-general\btoolbox-gui-general.csproj", "{C6A29323-8170-46F5-B54C-834BA6B820FC}"
EndProject
Project("{9A19103F-16F7-4668-BE54-9A1E7A4F7556}") = "easyvlans-remote-emberplus", "easyvlans-remote-emberplus\easyvlans-remote-emberplus.csproj", "{0EBAA53B-B08A-42D9-8FA4-65CFC82B7450}"
EndProject
Project("{9A19103F-16F7-4668-BE54-9A1E7A4F7556}") = "EmberPlusProviderClassLib", "library-ember-plus-provider\src\EmberPlusProviderClassLib\EmberPlusProviderClassLib.csproj", "{863C7173-E501-4224-BDAB-BD29FD98F72E}"
EndProject
Project("{9A19103F-16F7-4668-BE54-9A1E7A4F7556}") = "EmberLib", "library-ember-plus-provider\src\EmberLib.net\EmberLib\EmberLib.csproj", "{367A7119-24CB-4F48-AF22-21044C29B5A6}"
EndProject
Project("{9A19103F-16F7-4668-BE54-9A1E7A4F7556}") = "EmberLib.Framing", "library-ember-plus-provider\src\EmberLib.net\EmberLib.Framing\EmberLib.Framing.csproj", "{51BB48E9-F1FE-4CFF-BD65-C1F3AD2AE282}"
EndProject
Project("{9A19103F-16F7-4668-BE54-9A1E7A4F7556}") = "EmberLib.Glow", "library-ember-plus-provider\src\EmberLib.net\EmberLib.Glow\EmberLib.Glow.csproj", "{A504D561-F15F-40A8-964E-ED0DE17BCED6}"
EndProject
Project("{9A19103F-16F7-4668-BE54-9A1E7A4F7556}") = "BerLib", "library-ember-plus-provider\src\EmberLib.net\BerLib\BerLib.csproj", "{303BFD4E-DAB6-493B-AC0F-DDC69126E4D4}"
Project("{FAE04EC0-301F-11D3-BF4B-00C04F79EFBC}") = "easyvlans-swopm-snmp-rfc1213", "easyvlans-swopm-snmp-rfc1213\easyvlans-swopm-snmp-rfc1213.csproj", "{2D7D9796-7D16-45ED-8EE0-58DFA32399F8}"
EndProject
Global
	GlobalSection(SolutionConfigurationPlatforms) = preSolution
		Debug|Any CPU = Debug|Any CPU
		Release|Any CPU = Release|Any CPU
	EndGlobalSection
	GlobalSection(ProjectConfigurationPlatforms) = postSolution
		{348CC430-D00C-46ED-8546-9E1B9FC58528}.Debug|Any CPU.ActiveCfg = Debug|Any CPU
		{348CC430-D00C-46ED-8546-9E1B9FC58528}.Debug|Any CPU.Build.0 = Debug|Any CPU
		{348CC430-D00C-46ED-8546-9E1B9FC58528}.Release|Any CPU.ActiveCfg = Release|Any CPU
		{348CC430-D00C-46ED-8546-9E1B9FC58528}.Release|Any CPU.Build.0 = Release|Any CPU
		{A9B1ACB9-7489-46FC-86D5-52BAFED48CAA}.Debug|Any CPU.ActiveCfg = Debug|Any CPU
		{A9B1ACB9-7489-46FC-86D5-52BAFED48CAA}.Debug|Any CPU.Build.0 = Debug|Any CPU
		{A9B1ACB9-7489-46FC-86D5-52BAFED48CAA}.Release|Any CPU.ActiveCfg = Release|Any CPU
		{A9B1ACB9-7489-46FC-86D5-52BAFED48CAA}.Release|Any CPU.Build.0 = Release|Any CPU
		{CC989B12-3CC7-4A83-8D33-CE19BF269189}.Debug|Any CPU.ActiveCfg = Debug|Any CPU
		{CC989B12-3CC7-4A83-8D33-CE19BF269189}.Debug|Any CPU.Build.0 = Debug|Any CPU
		{CC989B12-3CC7-4A83-8D33-CE19BF269189}.Release|Any CPU.ActiveCfg = Release|Any CPU
		{CC989B12-3CC7-4A83-8D33-CE19BF269189}.Release|Any CPU.Build.0 = Release|Any CPU
		{094AEA01-9B14-4963-8B7A-81C394479DF5}.Debug|Any CPU.ActiveCfg = Debug|Any CPU
		{094AEA01-9B14-4963-8B7A-81C394479DF5}.Debug|Any CPU.Build.0 = Debug|Any CPU
		{094AEA01-9B14-4963-8B7A-81C394479DF5}.Release|Any CPU.ActiveCfg = Release|Any CPU
		{094AEA01-9B14-4963-8B7A-81C394479DF5}.Release|Any CPU.Build.0 = Release|Any CPU
		{87BA1113-4B96-4307-983A-1F1C506AC4EF}.Debug|Any CPU.ActiveCfg = Debug|Any CPU
		{87BA1113-4B96-4307-983A-1F1C506AC4EF}.Debug|Any CPU.Build.0 = Debug|Any CPU
		{87BA1113-4B96-4307-983A-1F1C506AC4EF}.Release|Any CPU.ActiveCfg = Release|Any CPU
		{87BA1113-4B96-4307-983A-1F1C506AC4EF}.Release|Any CPU.Build.0 = Release|Any CPU
		{B4DEF83C-3FB9-490D-B615-467140C2EFF7}.Debug|Any CPU.ActiveCfg = Debug|Any CPU
		{B4DEF83C-3FB9-490D-B615-467140C2EFF7}.Debug|Any CPU.Build.0 = Debug|Any CPU
		{B4DEF83C-3FB9-490D-B615-467140C2EFF7}.Release|Any CPU.ActiveCfg = Release|Any CPU
		{B4DEF83C-3FB9-490D-B615-467140C2EFF7}.Release|Any CPU.Build.0 = Release|Any CPU
		{304B76A2-63E2-4D43-A423-9752A303C5DB}.Debug|Any CPU.ActiveCfg = Debug|Any CPU
		{304B76A2-63E2-4D43-A423-9752A303C5DB}.Debug|Any CPU.Build.0 = Debug|Any CPU
		{304B76A2-63E2-4D43-A423-9752A303C5DB}.Release|Any CPU.ActiveCfg = Release|Any CPU
		{304B76A2-63E2-4D43-A423-9752A303C5DB}.Release|Any CPU.Build.0 = Release|Any CPU
		{75F555F1-25B4-41EA-A00F-7C44C80379CF}.Debug|Any CPU.ActiveCfg = Debug|Any CPU
		{75F555F1-25B4-41EA-A00F-7C44C80379CF}.Debug|Any CPU.Build.0 = Debug|Any CPU
		{75F555F1-25B4-41EA-A00F-7C44C80379CF}.Release|Any CPU.ActiveCfg = Release|Any CPU
		{75F555F1-25B4-41EA-A00F-7C44C80379CF}.Release|Any CPU.Build.0 = Release|Any CPU
		{CEB973C4-EE5D-4904-AEAB-264B6AA2473B}.Debug|Any CPU.ActiveCfg = Debug|Any CPU
		{CEB973C4-EE5D-4904-AEAB-264B6AA2473B}.Debug|Any CPU.Build.0 = Debug|Any CPU
		{CEB973C4-EE5D-4904-AEAB-264B6AA2473B}.Release|Any CPU.ActiveCfg = Release|Any CPU
		{CEB973C4-EE5D-4904-AEAB-264B6AA2473B}.Release|Any CPU.Build.0 = Release|Any CPU
		{1F0A83FA-A7D8-409D-B104-F266E1A65EBF}.Debug|Any CPU.ActiveCfg = Debug|Any CPU
		{1F0A83FA-A7D8-409D-B104-F266E1A65EBF}.Debug|Any CPU.Build.0 = Debug|Any CPU
		{1F0A83FA-A7D8-409D-B104-F266E1A65EBF}.Release|Any CPU.ActiveCfg = Release|Any CPU
		{1F0A83FA-A7D8-409D-B104-F266E1A65EBF}.Release|Any CPU.Build.0 = Release|Any CPU
		{5AF7C2C2-6FD6-4A31-AA06-7F737F27F03D}.Debug|Any CPU.ActiveCfg = Debug|Any CPU
		{5AF7C2C2-6FD6-4A31-AA06-7F737F27F03D}.Debug|Any CPU.Build.0 = Debug|Any CPU
		{5AF7C2C2-6FD6-4A31-AA06-7F737F27F03D}.Release|Any CPU.ActiveCfg = Release|Any CPU
		{5AF7C2C2-6FD6-4A31-AA06-7F737F27F03D}.Release|Any CPU.Build.0 = Release|Any CPU
		{CD3D1962-9B12-46F2-93F4-5CF02E7108A8}.Debug|Any CPU.ActiveCfg = Debug|Any CPU
		{CD3D1962-9B12-46F2-93F4-5CF02E7108A8}.Debug|Any CPU.Build.0 = Debug|Any CPU
		{CD3D1962-9B12-46F2-93F4-5CF02E7108A8}.Release|Any CPU.ActiveCfg = Release|Any CPU
		{CD3D1962-9B12-46F2-93F4-5CF02E7108A8}.Release|Any CPU.Build.0 = Release|Any CPU
		{0BFD3119-4F99-4589-BC52-9295AB96008F}.Debug|Any CPU.ActiveCfg = Debug|Any CPU
		{0BFD3119-4F99-4589-BC52-9295AB96008F}.Debug|Any CPU.Build.0 = Debug|Any CPU
		{0BFD3119-4F99-4589-BC52-9295AB96008F}.Release|Any CPU.ActiveCfg = Release|Any CPU
		{0BFD3119-4F99-4589-BC52-9295AB96008F}.Release|Any CPU.Build.0 = Release|Any CPU
		{53FFD735-8D1A-4510-98D2-FA323AE56CDC}.Debug|Any CPU.ActiveCfg = Debug|Any CPU
		{53FFD735-8D1A-4510-98D2-FA323AE56CDC}.Debug|Any CPU.Build.0 = Debug|Any CPU
		{53FFD735-8D1A-4510-98D2-FA323AE56CDC}.Release|Any CPU.ActiveCfg = Release|Any CPU
		{53FFD735-8D1A-4510-98D2-FA323AE56CDC}.Release|Any CPU.Build.0 = Release|Any CPU
		{FA73221F-EDF0-423B-B147-257D8E87BACB}.Debug|Any CPU.ActiveCfg = Debug|Any CPU
		{FA73221F-EDF0-423B-B147-257D8E87BACB}.Debug|Any CPU.Build.0 = Debug|Any CPU
		{FA73221F-EDF0-423B-B147-257D8E87BACB}.Release|Any CPU.ActiveCfg = Release|Any CPU
		{FA73221F-EDF0-423B-B147-257D8E87BACB}.Release|Any CPU.Build.0 = Release|Any CPU
		{C6A29323-8170-46F5-B54C-834BA6B820FC}.Debug|Any CPU.ActiveCfg = Debug|Any CPU
		{C6A29323-8170-46F5-B54C-834BA6B820FC}.Debug|Any CPU.Build.0 = Debug|Any CPU
		{C6A29323-8170-46F5-B54C-834BA6B820FC}.Release|Any CPU.ActiveCfg = Release|Any CPU
		{C6A29323-8170-46F5-B54C-834BA6B820FC}.Release|Any CPU.Build.0 = Release|Any CPU
		{0EBAA53B-B08A-42D9-8FA4-65CFC82B7450}.Debug|Any CPU.ActiveCfg = Debug|Any CPU
		{0EBAA53B-B08A-42D9-8FA4-65CFC82B7450}.Debug|Any CPU.Build.0 = Debug|Any CPU
		{0EBAA53B-B08A-42D9-8FA4-65CFC82B7450}.Release|Any CPU.ActiveCfg = Release|Any CPU
		{0EBAA53B-B08A-42D9-8FA4-65CFC82B7450}.Release|Any CPU.Build.0 = Release|Any CPU
		{863C7173-E501-4224-BDAB-BD29FD98F72E}.Debug|Any CPU.ActiveCfg = Debug|Any CPU
		{863C7173-E501-4224-BDAB-BD29FD98F72E}.Debug|Any CPU.Build.0 = Debug|Any CPU
		{863C7173-E501-4224-BDAB-BD29FD98F72E}.Release|Any CPU.ActiveCfg = Release|Any CPU
		{863C7173-E501-4224-BDAB-BD29FD98F72E}.Release|Any CPU.Build.0 = Release|Any CPU
		{367A7119-24CB-4F48-AF22-21044C29B5A6}.Debug|Any CPU.ActiveCfg = Debug|Any CPU
		{367A7119-24CB-4F48-AF22-21044C29B5A6}.Debug|Any CPU.Build.0 = Debug|Any CPU
		{367A7119-24CB-4F48-AF22-21044C29B5A6}.Release|Any CPU.ActiveCfg = Release|Any CPU
		{367A7119-24CB-4F48-AF22-21044C29B5A6}.Release|Any CPU.Build.0 = Release|Any CPU
		{51BB48E9-F1FE-4CFF-BD65-C1F3AD2AE282}.Debug|Any CPU.ActiveCfg = Debug|Any CPU
		{51BB48E9-F1FE-4CFF-BD65-C1F3AD2AE282}.Debug|Any CPU.Build.0 = Debug|Any CPU
		{51BB48E9-F1FE-4CFF-BD65-C1F3AD2AE282}.Release|Any CPU.ActiveCfg = Release|Any CPU
		{51BB48E9-F1FE-4CFF-BD65-C1F3AD2AE282}.Release|Any CPU.Build.0 = Release|Any CPU
		{A504D561-F15F-40A8-964E-ED0DE17BCED6}.Debug|Any CPU.ActiveCfg = Debug|Any CPU
		{A504D561-F15F-40A8-964E-ED0DE17BCED6}.Debug|Any CPU.Build.0 = Debug|Any CPU
		{A504D561-F15F-40A8-964E-ED0DE17BCED6}.Release|Any CPU.ActiveCfg = Release|Any CPU
		{A504D561-F15F-40A8-964E-ED0DE17BCED6}.Release|Any CPU.Build.0 = Release|Any CPU
		{303BFD4E-DAB6-493B-AC0F-DDC69126E4D4}.Debug|Any CPU.ActiveCfg = Debug|Any CPU
		{303BFD4E-DAB6-493B-AC0F-DDC69126E4D4}.Debug|Any CPU.Build.0 = Debug|Any CPU
		{303BFD4E-DAB6-493B-AC0F-DDC69126E4D4}.Release|Any CPU.ActiveCfg = Release|Any CPU
		{303BFD4E-DAB6-493B-AC0F-DDC69126E4D4}.Release|Any CPU.Build.0 = Release|Any CPU
		{2D7D9796-7D16-45ED-8EE0-58DFA32399F8}.Debug|Any CPU.ActiveCfg = Debug|Any CPU
		{2D7D9796-7D16-45ED-8EE0-58DFA32399F8}.Debug|Any CPU.Build.0 = Debug|Any CPU
		{2D7D9796-7D16-45ED-8EE0-58DFA32399F8}.Release|Any CPU.ActiveCfg = Release|Any CPU
		{2D7D9796-7D16-45ED-8EE0-58DFA32399F8}.Release|Any CPU.Build.0 = Release|Any CPU
	EndGlobalSection
	GlobalSection(SolutionProperties) = preSolution
		HideSolutionNode = FALSE
	EndGlobalSection
	GlobalSection(ExtensibilityGlobals) = postSolution
		SolutionGuid = {E2FEE93E-BBB5-4F51-80A1-CE748777FFE5}
	EndGlobalSection
EndGlobal
